
Microsoft Visual Studio Solution File, Format Version 12.00
# Visual Studio 15
VisualStudioVersion = 15.0.27130.0
MinimumVisualStudioVersion = 10.0.40219.1
Project("{FAE04EC0-301F-11D3-BF4B-00C04F79EFBC}") = "GigHub", "GigHub\GigHub.csproj", "{89179AA6-E565-4B8E-B8D3-999F3EDEA663}"
EndProject
Global
	GlobalSection(SolutionConfigurationPlatforms) = preSolution
		Debug|Any CPU = Debug|Any CPU
		Release|Any CPU = Release|Any CPU
	EndGlobalSection
	GlobalSection(ProjectConfigurationPlatforms) = postSolution
		{89179AA6-E565-4B8E-B8D3-999F3EDEA663}.Debug|Any CPU.ActiveCfg = Debug|Any CPU
		{89179AA6-E565-4B8E-B8D3-999F3EDEA663}.Debug|Any CPU.Build.0 = Debug|Any CPU
		{89179AA6-E565-4B8E-B8D3-999F3EDEA663}.Release|Any CPU.ActiveCfg = Release|Any CPU
		{89179AA6-E565-4B8E-B8D3-999F3EDEA663}.Release|Any CPU.Build.0 = Release|Any CPU
	EndGlobalSection
	GlobalSection(SolutionProperties) = preSolution
		HideSolutionNode = FALSE
	EndGlobalSection
	GlobalSection(ExtensibilityGlobals) = postSolution
		SolutionGuid = {FBC5027F-47DC-4B42-B1AA-057C08B3DA4D}
	EndGlobalSection
EndGlobal
